
Microsoft Visual Studio Solution File, Format Version 12.00
# Visual Studio Version 17
VisualStudioVersion = 17.8.34525.116
MinimumVisualStudioVersion = 10.0.40219.1
Project("{FAE04EC0-301F-11D3-BF4B-00C04F79EFBC}") = "CoSearchForWeb", "CoSearchForWeb\CoSearchForWeb.csproj", "{A039B933-F7D7-40AA-8D1B-F65C37ADC8B6}"
EndProject
Global
	GlobalSection(SolutionConfigurationPlatforms) = preSolution
		Debug|Any CPU = Debug|Any CPU
		Release|Any CPU = Release|Any CPU
	EndGlobalSection
	GlobalSection(ProjectConfigurationPlatforms) = postSolution
		{A039B933-F7D7-40AA-8D1B-F65C37ADC8B6}.Debug|Any CPU.ActiveCfg = Debug|Any CPU
		{A039B933-F7D7-40AA-8D1B-F65C37ADC8B6}.Debug|Any CPU.Build.0 = Debug|Any CPU
		{A039B933-F7D7-40AA-8D1B-F65C37ADC8B6}.Release|Any CPU.ActiveCfg = Release|Any CPU
		{A039B933-F7D7-40AA-8D1B-F65C37ADC8B6}.Release|Any CPU.Build.0 = Release|Any CPU
	EndGlobalSection
	GlobalSection(SolutionProperties) = preSolution
		HideSolutionNode = FALSE
	EndGlobalSection
	GlobalSection(ExtensibilityGlobals) = postSolution
		SolutionGuid = {BD2D4CDF-B0EE-4C92-9A16-F6BA87C3B107}
	EndGlobalSection
EndGlobal
